
Microsoft Visual Studio Solution File, Format Version 12.00
# Visual Studio 2013
VisualStudioVersion = 12.0.30723.0
MinimumVisualStudioVersion = 10.0.40219.1
Project("{FAE04EC0-301F-11D3-BF4B-00C04F79EFBC}") = "MVC Authentication", "EmbeddedMvc\MVC Authentication.csproj", "{6FF07508-76CF-459D-AA97-76B3BAD58D65}"
EndProject
Project("{FAE04EC0-301F-11D3-BF4B-00C04F79EFBC}") = "Api", "Api\Api.csproj", "{9CD67510-4FFE-4907-A2D0-560EEE7D11BA}"
EndProject
Global
	GlobalSection(SolutionConfigurationPlatforms) = preSolution
		Debug|Any CPU = Debug|Any CPU
		Release|Any CPU = Release|Any CPU
	EndGlobalSection
	GlobalSection(ProjectConfigurationPlatforms) = postSolution
		{6FF07508-76CF-459D-AA97-76B3BAD58D65}.Debug|Any CPU.ActiveCfg = Debug|Any CPU
		{6FF07508-76CF-459D-AA97-76B3BAD58D65}.Debug|Any CPU.Build.0 = Debug|Any CPU
		{6FF07508-76CF-459D-AA97-76B3BAD58D65}.Release|Any CPU.ActiveCfg = Release|Any CPU
		{6FF07508-76CF-459D-AA97-76B3BAD58D65}.Release|Any CPU.Build.0 = Release|Any CPU
		{9CD67510-4FFE-4907-A2D0-560EEE7D11BA}.Debug|Any CPU.ActiveCfg = Debug|Any CPU
		{9CD67510-4FFE-4907-A2D0-560EEE7D11BA}.Debug|Any CPU.Build.0 = Debug|Any CPU
		{9CD67510-4FFE-4907-A2D0-560EEE7D11BA}.Release|Any CPU.ActiveCfg = Release|Any CPU
		{9CD67510-4FFE-4907-A2D0-560EEE7D11BA}.Release|Any CPU.Build.0 = Release|Any CPU
	EndGlobalSection
	GlobalSection(SolutionProperties) = preSolution
		HideSolutionNode = FALSE
	EndGlobalSection
EndGlobal
