
Microsoft Visual Studio Solution File, Format Version 12.00
# Visual Studio 2013
VisualStudioVersion = 12.0.31101.0
MinimumVisualStudioVersion = 10.0.40219.1
Project("{FAE04EC0-301F-11D3-BF4B-00C04F79EFBC}") = "WPF Implicit Client", "WpfClient\WPF Implicit Client.csproj", "{BDE643AE-47D7-4FC7-8F48-6FC898D3A333}"
EndProject
Project("{FAE04EC0-301F-11D3-BF4B-00C04F79EFBC}") = "Constants", "Constants\Constants.csproj", "{D4B8ACDF-5CC3-4A7B-AE30-5055522E025A}"
EndProject
Project("{FAE04EC0-301F-11D3-BF4B-00C04F79EFBC}") = "Console Resource Owner Flow", "ConsoleResourceOwnerClient\Console Resource Owner Flow.csproj", "{01A10274-C117-41CC-95DB-FA8E9492E0D2}"
EndProject
Project("{FAE04EC0-301F-11D3-BF4B-00C04F79EFBC}") = "Console Client Credentials Flow", "ConsoleClientCredentialsClient\Console Client Credentials Flow.csproj", "{418097CE-3B23-4937-A73E-5EFD4C5E83CA}"
EndProject
Project("{FAE04EC0-301F-11D3-BF4B-00C04F79EFBC}") = "MVC FormPost Client", "MvcFormPostClient\MVC FormPost Client.csproj", "{E3C5E9C3-2977-4AD5-87EC-00FC4D2F7FF4}"
EndProject
Project("{FAE04EC0-301F-11D3-BF4B-00C04F79EFBC}") = "MVC CodeFlowClient Manual", "MvcCodeFlowClientManual\MVC CodeFlowClient Manual.csproj", "{C67DB8BB-6083-436D-9748-4BDD9EC8C0EB}"
EndProject
Project("{FAE04EC0-301F-11D3-BF4B-00C04F79EFBC}") = "JavaScript Implicit Client - TokenManager", "JavaScriptImplicitClient\JavaScript Implicit Client - TokenManager.csproj", "{76BE0CCA-2F1E-4071-BEF0-C8A2673E7B04}"
EndProject
Project("{FAE04EC0-301F-11D3-BF4B-00C04F79EFBC}") = "MVC OWIN Client (Implicit)", "MVC OWIN Client\MVC OWIN Client (Implicit).csproj", "{A0D39237-D450-4F23-A3CC-79EBCA1D720D}"
EndProject
Project("{2150E333-8FDC-42A3-9474-1A3956D46DE8}") = "APIs", "APIs", "{22C083F3-1F8A-4E90-B79C-13A6012492BC}"
EndProject
Project("{FAE04EC0-301F-11D3-BF4B-00C04F79EFBC}") = "SampleAspNetWebApi", "SampleAspNetWebApi\SampleAspNetWebApi.csproj", "{C8CD1733-783A-4655-814B-9CF7FD7FDFE8}"
EndProject
Project("{FAE04EC0-301F-11D3-BF4B-00C04F79EFBC}") = "MVC OWIN WS-Federation", "MvcOwinWsFederation\MVC OWIN WS-Federation.csproj", "{A40486A5-0BEB-4CB0-9390-4A0D998CE3E1}"
EndProject
Project("{FAE04EC0-301F-11D3-BF4B-00C04F79EFBC}") = "Console Resource Owner Flow with Refresh Token", "ConsoleResourceOwnerRefreshTokenClient\Console Resource Owner Flow with Refresh Token.csproj", "{9BF9BAF9-75F3-47BA-9B47-A95023764D82}"
EndProject
Project("{FAE04EC0-301F-11D3-BF4B-00C04F79EFBC}") = "WPF Hybrid Client", "WpfClient (Hybrid)\WPF Hybrid Client.csproj", "{51F181C7-F918-48E2-A2E2-09431C14D4FB}"
EndProject
Project("{FAE04EC0-301F-11D3-BF4B-00C04F79EFBC}") = "MVC OWIN Client (Hybrid)", "MVC OWIN Client (Hybrid)\MVC OWIN Client (Hybrid).csproj", "{3C42437D-1B6C-4037-8FDA-8835D1B7B12C}"
EndProject
Project("{FAE04EC0-301F-11D3-BF4B-00C04F79EFBC}") = "WinRT Implicit Client", "WinRT Implicit Client\WinRT Implicit Client.csproj", "{D7C2DBBB-6485-4508-8827-7EFD26EBD808}"
EndProject
Project("{FAE04EC0-301F-11D3-BF4B-00C04F79EFBC}") = "Console Custom Grant Client", "CustomGrantClient\Console Custom Grant Client.csproj", "{B8D904DE-BCAD-4AAD-BF61-AD1C37A7D277}"
EndProject
Project("{FAE04EC0-301F-11D3-BF4B-00C04F79EFBC}") = "JavaScript Implicit Client - Simple", "JavaScriptImplicitClient-Simple\JavaScript Implicit Client - Simple.csproj", "{104B2540-1F77-4216-B801-428AE970F9C9}"
EndProject
Project("{FAE04EC0-301F-11D3-BF4B-00C04F79EFBC}") = "SampleWCFApiHost", "SampleWCFApiHost\SampleWCFApiHost.csproj", "{68021991-A7F4-41E0-A9DE-D763744C55E9}"
EndProject
Project("{FAE04EC0-301F-11D3-BF4B-00C04F79EFBC}") = "WCF Console Resource Owner Flow", "WCF Console Resource Owner Flow\WCF Console Resource Owner Flow.csproj", "{062411DC-1C0B-4F9B-922B-239A9C5A029D}"
EndProject
Global
	GlobalSection(SolutionConfigurationPlatforms) = preSolution
		Debug|Any CPU = Debug|Any CPU
		Debug|ARM = Debug|ARM
		Debug|x64 = Debug|x64
		Debug|x86 = Debug|x86
		Release|Any CPU = Release|Any CPU
		Release|ARM = Release|ARM
		Release|x64 = Release|x64
		Release|x86 = Release|x86
	EndGlobalSection
	GlobalSection(ProjectConfigurationPlatforms) = postSolution
		{BDE643AE-47D7-4FC7-8F48-6FC898D3A333}.Debug|Any CPU.ActiveCfg = Debug|Any CPU
		{BDE643AE-47D7-4FC7-8F48-6FC898D3A333}.Debug|Any CPU.Build.0 = Debug|Any CPU
		{BDE643AE-47D7-4FC7-8F48-6FC898D3A333}.Debug|ARM.ActiveCfg = Debug|Any CPU
		{BDE643AE-47D7-4FC7-8F48-6FC898D3A333}.Debug|x64.ActiveCfg = Debug|Any CPU
		{BDE643AE-47D7-4FC7-8F48-6FC898D3A333}.Debug|x86.ActiveCfg = Debug|Any CPU
		{BDE643AE-47D7-4FC7-8F48-6FC898D3A333}.Release|Any CPU.ActiveCfg = Release|Any CPU
		{BDE643AE-47D7-4FC7-8F48-6FC898D3A333}.Release|Any CPU.Build.0 = Release|Any CPU
		{BDE643AE-47D7-4FC7-8F48-6FC898D3A333}.Release|ARM.ActiveCfg = Release|Any CPU
		{BDE643AE-47D7-4FC7-8F48-6FC898D3A333}.Release|x64.ActiveCfg = Release|Any CPU
		{BDE643AE-47D7-4FC7-8F48-6FC898D3A333}.Release|x86.ActiveCfg = Release|Any CPU
		{D4B8ACDF-5CC3-4A7B-AE30-5055522E025A}.Debug|Any CPU.ActiveCfg = Debug|Any CPU
		{D4B8ACDF-5CC3-4A7B-AE30-5055522E025A}.Debug|Any CPU.Build.0 = Debug|Any CPU
		{D4B8ACDF-5CC3-4A7B-AE30-5055522E025A}.Debug|ARM.ActiveCfg = Debug|Any CPU
		{D4B8ACDF-5CC3-4A7B-AE30-5055522E025A}.Debug|x64.ActiveCfg = Debug|Any CPU
		{D4B8ACDF-5CC3-4A7B-AE30-5055522E025A}.Debug|x86.ActiveCfg = Debug|Any CPU
		{D4B8ACDF-5CC3-4A7B-AE30-5055522E025A}.Release|Any CPU.ActiveCfg = Release|Any CPU
		{D4B8ACDF-5CC3-4A7B-AE30-5055522E025A}.Release|Any CPU.Build.0 = Release|Any CPU
		{D4B8ACDF-5CC3-4A7B-AE30-5055522E025A}.Release|ARM.ActiveCfg = Release|Any CPU
		{D4B8ACDF-5CC3-4A7B-AE30-5055522E025A}.Release|x64.ActiveCfg = Release|Any CPU
		{D4B8ACDF-5CC3-4A7B-AE30-5055522E025A}.Release|x86.ActiveCfg = Release|Any CPU
		{01A10274-C117-41CC-95DB-FA8E9492E0D2}.Debug|Any CPU.ActiveCfg = Debug|Any CPU
		{01A10274-C117-41CC-95DB-FA8E9492E0D2}.Debug|Any CPU.Build.0 = Debug|Any CPU
		{01A10274-C117-41CC-95DB-FA8E9492E0D2}.Debug|ARM.ActiveCfg = Debug|Any CPU
		{01A10274-C117-41CC-95DB-FA8E9492E0D2}.Debug|x64.ActiveCfg = Debug|Any CPU
		{01A10274-C117-41CC-95DB-FA8E9492E0D2}.Debug|x86.ActiveCfg = Debug|Any CPU
		{01A10274-C117-41CC-95DB-FA8E9492E0D2}.Release|Any CPU.ActiveCfg = Release|Any CPU
		{01A10274-C117-41CC-95DB-FA8E9492E0D2}.Release|Any CPU.Build.0 = Release|Any CPU
		{01A10274-C117-41CC-95DB-FA8E9492E0D2}.Release|ARM.ActiveCfg = Release|Any CPU
		{01A10274-C117-41CC-95DB-FA8E9492E0D2}.Release|x64.ActiveCfg = Release|Any CPU
		{01A10274-C117-41CC-95DB-FA8E9492E0D2}.Release|x86.ActiveCfg = Release|Any CPU
		{418097CE-3B23-4937-A73E-5EFD4C5E83CA}.Debug|Any CPU.ActiveCfg = Debug|Any CPU
		{418097CE-3B23-4937-A73E-5EFD4C5E83CA}.Debug|Any CPU.Build.0 = Debug|Any CPU
		{418097CE-3B23-4937-A73E-5EFD4C5E83CA}.Debug|ARM.ActiveCfg = Debug|Any CPU
		{418097CE-3B23-4937-A73E-5EFD4C5E83CA}.Debug|x64.ActiveCfg = Debug|Any CPU
		{418097CE-3B23-4937-A73E-5EFD4C5E83CA}.Debug|x86.ActiveCfg = Debug|Any CPU
		{418097CE-3B23-4937-A73E-5EFD4C5E83CA}.Release|Any CPU.ActiveCfg = Release|Any CPU
		{418097CE-3B23-4937-A73E-5EFD4C5E83CA}.Release|Any CPU.Build.0 = Release|Any CPU
		{418097CE-3B23-4937-A73E-5EFD4C5E83CA}.Release|ARM.ActiveCfg = Release|Any CPU
		{418097CE-3B23-4937-A73E-5EFD4C5E83CA}.Release|x64.ActiveCfg = Release|Any CPU
		{418097CE-3B23-4937-A73E-5EFD4C5E83CA}.Release|x86.ActiveCfg = Release|Any CPU
		{E3C5E9C3-2977-4AD5-87EC-00FC4D2F7FF4}.Debug|Any CPU.ActiveCfg = Debug|Any CPU
		{E3C5E9C3-2977-4AD5-87EC-00FC4D2F7FF4}.Debug|Any CPU.Build.0 = Debug|Any CPU
		{E3C5E9C3-2977-4AD5-87EC-00FC4D2F7FF4}.Debug|ARM.ActiveCfg = Debug|Any CPU
		{E3C5E9C3-2977-4AD5-87EC-00FC4D2F7FF4}.Debug|x64.ActiveCfg = Debug|Any CPU
		{E3C5E9C3-2977-4AD5-87EC-00FC4D2F7FF4}.Debug|x86.ActiveCfg = Debug|Any CPU
		{E3C5E9C3-2977-4AD5-87EC-00FC4D2F7FF4}.Release|Any CPU.ActiveCfg = Release|Any CPU
		{E3C5E9C3-2977-4AD5-87EC-00FC4D2F7FF4}.Release|Any CPU.Build.0 = Release|Any CPU
		{E3C5E9C3-2977-4AD5-87EC-00FC4D2F7FF4}.Release|ARM.ActiveCfg = Release|Any CPU
		{E3C5E9C3-2977-4AD5-87EC-00FC4D2F7FF4}.Release|x64.ActiveCfg = Release|Any CPU
		{E3C5E9C3-2977-4AD5-87EC-00FC4D2F7FF4}.Release|x86.ActiveCfg = Release|Any CPU
		{C67DB8BB-6083-436D-9748-4BDD9EC8C0EB}.Debug|Any CPU.ActiveCfg = Debug|Any CPU
		{C67DB8BB-6083-436D-9748-4BDD9EC8C0EB}.Debug|Any CPU.Build.0 = Debug|Any CPU
		{C67DB8BB-6083-436D-9748-4BDD9EC8C0EB}.Debug|ARM.ActiveCfg = Debug|Any CPU
		{C67DB8BB-6083-436D-9748-4BDD9EC8C0EB}.Debug|x64.ActiveCfg = Debug|Any CPU
		{C67DB8BB-6083-436D-9748-4BDD9EC8C0EB}.Debug|x86.ActiveCfg = Debug|Any CPU
		{C67DB8BB-6083-436D-9748-4BDD9EC8C0EB}.Release|Any CPU.ActiveCfg = Release|Any CPU
		{C67DB8BB-6083-436D-9748-4BDD9EC8C0EB}.Release|Any CPU.Build.0 = Release|Any CPU
		{C67DB8BB-6083-436D-9748-4BDD9EC8C0EB}.Release|ARM.ActiveCfg = Release|Any CPU
		{C67DB8BB-6083-436D-9748-4BDD9EC8C0EB}.Release|x64.ActiveCfg = Release|Any CPU
		{C67DB8BB-6083-436D-9748-4BDD9EC8C0EB}.Release|x86.ActiveCfg = Release|Any CPU
		{76BE0CCA-2F1E-4071-BEF0-C8A2673E7B04}.Debug|Any CPU.ActiveCfg = Debug|Any CPU
		{76BE0CCA-2F1E-4071-BEF0-C8A2673E7B04}.Debug|Any CPU.Build.0 = Debug|Any CPU
		{76BE0CCA-2F1E-4071-BEF0-C8A2673E7B04}.Debug|ARM.ActiveCfg = Debug|Any CPU
		{76BE0CCA-2F1E-4071-BEF0-C8A2673E7B04}.Debug|x64.ActiveCfg = Debug|Any CPU
		{76BE0CCA-2F1E-4071-BEF0-C8A2673E7B04}.Debug|x86.ActiveCfg = Debug|Any CPU
		{76BE0CCA-2F1E-4071-BEF0-C8A2673E7B04}.Release|Any CPU.ActiveCfg = Release|Any CPU
		{76BE0CCA-2F1E-4071-BEF0-C8A2673E7B04}.Release|Any CPU.Build.0 = Release|Any CPU
		{76BE0CCA-2F1E-4071-BEF0-C8A2673E7B04}.Release|ARM.ActiveCfg = Release|Any CPU
		{76BE0CCA-2F1E-4071-BEF0-C8A2673E7B04}.Release|x64.ActiveCfg = Release|Any CPU
		{76BE0CCA-2F1E-4071-BEF0-C8A2673E7B04}.Release|x86.ActiveCfg = Release|Any CPU
		{A0D39237-D450-4F23-A3CC-79EBCA1D720D}.Debug|Any CPU.ActiveCfg = Debug|Any CPU
		{A0D39237-D450-4F23-A3CC-79EBCA1D720D}.Debug|Any CPU.Build.0 = Debug|Any CPU
		{A0D39237-D450-4F23-A3CC-79EBCA1D720D}.Debug|ARM.ActiveCfg = Debug|Any CPU
		{A0D39237-D450-4F23-A3CC-79EBCA1D720D}.Debug|x64.ActiveCfg = Debug|Any CPU
		{A0D39237-D450-4F23-A3CC-79EBCA1D720D}.Debug|x86.ActiveCfg = Debug|Any CPU
		{A0D39237-D450-4F23-A3CC-79EBCA1D720D}.Release|Any CPU.ActiveCfg = Release|Any CPU
		{A0D39237-D450-4F23-A3CC-79EBCA1D720D}.Release|Any CPU.Build.0 = Release|Any CPU
		{A0D39237-D450-4F23-A3CC-79EBCA1D720D}.Release|ARM.ActiveCfg = Release|Any CPU
		{A0D39237-D450-4F23-A3CC-79EBCA1D720D}.Release|x64.ActiveCfg = Release|Any CPU
		{A0D39237-D450-4F23-A3CC-79EBCA1D720D}.Release|x86.ActiveCfg = Release|Any CPU
		{C8CD1733-783A-4655-814B-9CF7FD7FDFE8}.Debug|Any CPU.ActiveCfg = Debug|Any CPU
		{C8CD1733-783A-4655-814B-9CF7FD7FDFE8}.Debug|Any CPU.Build.0 = Debug|Any CPU
		{C8CD1733-783A-4655-814B-9CF7FD7FDFE8}.Debug|ARM.ActiveCfg = Debug|Any CPU
		{C8CD1733-783A-4655-814B-9CF7FD7FDFE8}.Debug|x64.ActiveCfg = Debug|Any CPU
		{C8CD1733-783A-4655-814B-9CF7FD7FDFE8}.Debug|x86.ActiveCfg = Debug|Any CPU
		{C8CD1733-783A-4655-814B-9CF7FD7FDFE8}.Release|Any CPU.ActiveCfg = Release|Any CPU
		{C8CD1733-783A-4655-814B-9CF7FD7FDFE8}.Release|Any CPU.Build.0 = Release|Any CPU
		{C8CD1733-783A-4655-814B-9CF7FD7FDFE8}.Release|ARM.ActiveCfg = Release|Any CPU
		{C8CD1733-783A-4655-814B-9CF7FD7FDFE8}.Release|x64.ActiveCfg = Release|Any CPU
		{C8CD1733-783A-4655-814B-9CF7FD7FDFE8}.Release|x86.ActiveCfg = Release|Any CPU
		{A40486A5-0BEB-4CB0-9390-4A0D998CE3E1}.Debug|Any CPU.ActiveCfg = Debug|Any CPU
		{A40486A5-0BEB-4CB0-9390-4A0D998CE3E1}.Debug|Any CPU.Build.0 = Debug|Any CPU
		{A40486A5-0BEB-4CB0-9390-4A0D998CE3E1}.Debug|ARM.ActiveCfg = Debug|Any CPU
		{A40486A5-0BEB-4CB0-9390-4A0D998CE3E1}.Debug|x64.ActiveCfg = Debug|Any CPU
		{A40486A5-0BEB-4CB0-9390-4A0D998CE3E1}.Debug|x86.ActiveCfg = Debug|Any CPU
		{A40486A5-0BEB-4CB0-9390-4A0D998CE3E1}.Release|Any CPU.ActiveCfg = Release|Any CPU
		{A40486A5-0BEB-4CB0-9390-4A0D998CE3E1}.Release|Any CPU.Build.0 = Release|Any CPU
		{A40486A5-0BEB-4CB0-9390-4A0D998CE3E1}.Release|ARM.ActiveCfg = Release|Any CPU
		{A40486A5-0BEB-4CB0-9390-4A0D998CE3E1}.Release|x64.ActiveCfg = Release|Any CPU
		{A40486A5-0BEB-4CB0-9390-4A0D998CE3E1}.Release|x86.ActiveCfg = Release|Any CPU
		{9BF9BAF9-75F3-47BA-9B47-A95023764D82}.Debug|Any CPU.ActiveCfg = Debug|Any CPU
		{9BF9BAF9-75F3-47BA-9B47-A95023764D82}.Debug|Any CPU.Build.0 = Debug|Any CPU
		{9BF9BAF9-75F3-47BA-9B47-A95023764D82}.Debug|ARM.ActiveCfg = Debug|Any CPU
		{9BF9BAF9-75F3-47BA-9B47-A95023764D82}.Debug|x64.ActiveCfg = Debug|Any CPU
		{9BF9BAF9-75F3-47BA-9B47-A95023764D82}.Debug|x86.ActiveCfg = Debug|Any CPU
		{9BF9BAF9-75F3-47BA-9B47-A95023764D82}.Release|Any CPU.ActiveCfg = Release|Any CPU
		{9BF9BAF9-75F3-47BA-9B47-A95023764D82}.Release|Any CPU.Build.0 = Release|Any CPU
		{9BF9BAF9-75F3-47BA-9B47-A95023764D82}.Release|ARM.ActiveCfg = Release|Any CPU
		{9BF9BAF9-75F3-47BA-9B47-A95023764D82}.Release|x64.ActiveCfg = Release|Any CPU
		{9BF9BAF9-75F3-47BA-9B47-A95023764D82}.Release|x86.ActiveCfg = Release|Any CPU
		{51F181C7-F918-48E2-A2E2-09431C14D4FB}.Debug|Any CPU.ActiveCfg = Debug|Any CPU
		{51F181C7-F918-48E2-A2E2-09431C14D4FB}.Debug|Any CPU.Build.0 = Debug|Any CPU
		{51F181C7-F918-48E2-A2E2-09431C14D4FB}.Debug|ARM.ActiveCfg = Debug|Any CPU
		{51F181C7-F918-48E2-A2E2-09431C14D4FB}.Debug|x64.ActiveCfg = Debug|Any CPU
		{51F181C7-F918-48E2-A2E2-09431C14D4FB}.Debug|x86.ActiveCfg = Debug|Any CPU
		{51F181C7-F918-48E2-A2E2-09431C14D4FB}.Release|Any CPU.ActiveCfg = Release|Any CPU
		{51F181C7-F918-48E2-A2E2-09431C14D4FB}.Release|Any CPU.Build.0 = Release|Any CPU
		{51F181C7-F918-48E2-A2E2-09431C14D4FB}.Release|ARM.ActiveCfg = Release|Any CPU
		{51F181C7-F918-48E2-A2E2-09431C14D4FB}.Release|x64.ActiveCfg = Release|Any CPU
		{51F181C7-F918-48E2-A2E2-09431C14D4FB}.Release|x86.ActiveCfg = Release|Any CPU
		{3C42437D-1B6C-4037-8FDA-8835D1B7B12C}.Debug|Any CPU.ActiveCfg = Debug|Any CPU
		{3C42437D-1B6C-4037-8FDA-8835D1B7B12C}.Debug|Any CPU.Build.0 = Debug|Any CPU
		{3C42437D-1B6C-4037-8FDA-8835D1B7B12C}.Debug|ARM.ActiveCfg = Debug|Any CPU
		{3C42437D-1B6C-4037-8FDA-8835D1B7B12C}.Debug|x64.ActiveCfg = Debug|Any CPU
		{3C42437D-1B6C-4037-8FDA-8835D1B7B12C}.Debug|x86.ActiveCfg = Debug|Any CPU
		{3C42437D-1B6C-4037-8FDA-8835D1B7B12C}.Release|Any CPU.ActiveCfg = Release|Any CPU
		{3C42437D-1B6C-4037-8FDA-8835D1B7B12C}.Release|Any CPU.Build.0 = Release|Any CPU
		{3C42437D-1B6C-4037-8FDA-8835D1B7B12C}.Release|ARM.ActiveCfg = Release|Any CPU
		{3C42437D-1B6C-4037-8FDA-8835D1B7B12C}.Release|x64.ActiveCfg = Release|Any CPU
		{3C42437D-1B6C-4037-8FDA-8835D1B7B12C}.Release|x86.ActiveCfg = Release|Any CPU
		{D7C2DBBB-6485-4508-8827-7EFD26EBD808}.Debug|Any CPU.ActiveCfg = Debug|Any CPU
		{D7C2DBBB-6485-4508-8827-7EFD26EBD808}.Debug|Any CPU.Build.0 = Debug|Any CPU
		{D7C2DBBB-6485-4508-8827-7EFD26EBD808}.Debug|Any CPU.Deploy.0 = Debug|Any CPU
		{D7C2DBBB-6485-4508-8827-7EFD26EBD808}.Debug|ARM.ActiveCfg = Debug|ARM
		{D7C2DBBB-6485-4508-8827-7EFD26EBD808}.Debug|ARM.Build.0 = Debug|ARM
		{D7C2DBBB-6485-4508-8827-7EFD26EBD808}.Debug|ARM.Deploy.0 = Debug|ARM
		{D7C2DBBB-6485-4508-8827-7EFD26EBD808}.Debug|x64.ActiveCfg = Debug|x64
		{D7C2DBBB-6485-4508-8827-7EFD26EBD808}.Debug|x64.Build.0 = Debug|x64
		{D7C2DBBB-6485-4508-8827-7EFD26EBD808}.Debug|x64.Deploy.0 = Debug|x64
		{D7C2DBBB-6485-4508-8827-7EFD26EBD808}.Debug|x86.ActiveCfg = Debug|x86
		{D7C2DBBB-6485-4508-8827-7EFD26EBD808}.Debug|x86.Build.0 = Debug|x86
		{D7C2DBBB-6485-4508-8827-7EFD26EBD808}.Debug|x86.Deploy.0 = Debug|x86
		{D7C2DBBB-6485-4508-8827-7EFD26EBD808}.Release|Any CPU.ActiveCfg = Release|Any CPU
		{D7C2DBBB-6485-4508-8827-7EFD26EBD808}.Release|Any CPU.Build.0 = Release|Any CPU
		{D7C2DBBB-6485-4508-8827-7EFD26EBD808}.Release|Any CPU.Deploy.0 = Release|Any CPU
		{D7C2DBBB-6485-4508-8827-7EFD26EBD808}.Release|ARM.ActiveCfg = Release|ARM
		{D7C2DBBB-6485-4508-8827-7EFD26EBD808}.Release|ARM.Build.0 = Release|ARM
		{D7C2DBBB-6485-4508-8827-7EFD26EBD808}.Release|ARM.Deploy.0 = Release|ARM
		{D7C2DBBB-6485-4508-8827-7EFD26EBD808}.Release|x64.ActiveCfg = Release|x64
		{D7C2DBBB-6485-4508-8827-7EFD26EBD808}.Release|x64.Build.0 = Release|x64
		{D7C2DBBB-6485-4508-8827-7EFD26EBD808}.Release|x64.Deploy.0 = Release|x64
		{D7C2DBBB-6485-4508-8827-7EFD26EBD808}.Release|x86.ActiveCfg = Release|x86
		{D7C2DBBB-6485-4508-8827-7EFD26EBD808}.Release|x86.Build.0 = Release|x86
		{D7C2DBBB-6485-4508-8827-7EFD26EBD808}.Release|x86.Deploy.0 = Release|x86
		{B8D904DE-BCAD-4AAD-BF61-AD1C37A7D277}.Debug|Any CPU.ActiveCfg = Debug|Any CPU
		{B8D904DE-BCAD-4AAD-BF61-AD1C37A7D277}.Debug|Any CPU.Build.0 = Debug|Any CPU
		{B8D904DE-BCAD-4AAD-BF61-AD1C37A7D277}.Debug|ARM.ActiveCfg = Debug|Any CPU
		{B8D904DE-BCAD-4AAD-BF61-AD1C37A7D277}.Debug|x64.ActiveCfg = Debug|Any CPU
		{B8D904DE-BCAD-4AAD-BF61-AD1C37A7D277}.Debug|x86.ActiveCfg = Debug|Any CPU
		{B8D904DE-BCAD-4AAD-BF61-AD1C37A7D277}.Release|Any CPU.ActiveCfg = Release|Any CPU
		{B8D904DE-BCAD-4AAD-BF61-AD1C37A7D277}.Release|Any CPU.Build.0 = Release|Any CPU
		{B8D904DE-BCAD-4AAD-BF61-AD1C37A7D277}.Release|ARM.ActiveCfg = Release|Any CPU
		{B8D904DE-BCAD-4AAD-BF61-AD1C37A7D277}.Release|x64.ActiveCfg = Release|Any CPU
		{B8D904DE-BCAD-4AAD-BF61-AD1C37A7D277}.Release|x86.ActiveCfg = Release|Any CPU
		{104B2540-1F77-4216-B801-428AE970F9C9}.Debug|Any CPU.ActiveCfg = Debug|Any CPU
		{104B2540-1F77-4216-B801-428AE970F9C9}.Debug|Any CPU.Build.0 = Debug|Any CPU
		{104B2540-1F77-4216-B801-428AE970F9C9}.Debug|ARM.ActiveCfg = Debug|Any CPU
		{104B2540-1F77-4216-B801-428AE970F9C9}.Debug|x64.ActiveCfg = Debug|Any CPU
		{104B2540-1F77-4216-B801-428AE970F9C9}.Debug|x86.ActiveCfg = Debug|Any CPU
		{104B2540-1F77-4216-B801-428AE970F9C9}.Release|Any CPU.ActiveCfg = Release|Any CPU
		{104B2540-1F77-4216-B801-428AE970F9C9}.Release|Any CPU.Build.0 = Release|Any CPU
		{104B2540-1F77-4216-B801-428AE970F9C9}.Release|ARM.ActiveCfg = Release|Any CPU
		{104B2540-1F77-4216-B801-428AE970F9C9}.Release|x64.ActiveCfg = Release|Any CPU
		{104B2540-1F77-4216-B801-428AE970F9C9}.Release|x86.ActiveCfg = Release|Any CPU
		{68021991-A7F4-41E0-A9DE-D763744C55E9}.Debug|Any CPU.ActiveCfg = Debug|Any CPU
		{68021991-A7F4-41E0-A9DE-D763744C55E9}.Debug|Any CPU.Build.0 = Debug|Any CPU
		{68021991-A7F4-41E0-A9DE-D763744C55E9}.Debug|ARM.ActiveCfg = Debug|Any CPU
		{68021991-A7F4-41E0-A9DE-D763744C55E9}.Debug|x64.ActiveCfg = Debug|Any CPU
		{68021991-A7F4-41E0-A9DE-D763744C55E9}.Debug|x86.ActiveCfg = Debug|Any CPU
		{68021991-A7F4-41E0-A9DE-D763744C55E9}.Release|Any CPU.ActiveCfg = Release|Any CPU
		{68021991-A7F4-41E0-A9DE-D763744C55E9}.Release|Any CPU.Build.0 = Release|Any CPU
		{68021991-A7F4-41E0-A9DE-D763744C55E9}.Release|ARM.ActiveCfg = Release|Any CPU
		{68021991-A7F4-41E0-A9DE-D763744C55E9}.Release|x64.ActiveCfg = Release|Any CPU
		{68021991-A7F4-41E0-A9DE-D763744C55E9}.Release|x86.ActiveCfg = Release|Any CPU
		{062411DC-1C0B-4F9B-922B-239A9C5A029D}.Debug|Any CPU.ActiveCfg = Debug|Any CPU
		{062411DC-1C0B-4F9B-922B-239A9C5A029D}.Debug|Any CPU.Build.0 = Debug|Any CPU
		{062411DC-1C0B-4F9B-922B-239A9C5A029D}.Debug|ARM.ActiveCfg = Debug|Any CPU
		{062411DC-1C0B-4F9B-922B-239A9C5A029D}.Debug|x64.ActiveCfg = Debug|Any CPU
		{062411DC-1C0B-4F9B-922B-239A9C5A029D}.Debug|x86.ActiveCfg = Debug|Any CPU
		{062411DC-1C0B-4F9B-922B-239A9C5A029D}.Release|Any CPU.ActiveCfg = Release|Any CPU
		{062411DC-1C0B-4F9B-922B-239A9C5A029D}.Release|Any CPU.Build.0 = Release|Any CPU
		{062411DC-1C0B-4F9B-922B-239A9C5A029D}.Release|ARM.ActiveCfg = Release|Any CPU
		{062411DC-1C0B-4F9B-922B-239A9C5A029D}.Release|x64.ActiveCfg = Release|Any CPU
		{062411DC-1C0B-4F9B-922B-239A9C5A029D}.Release|x86.ActiveCfg = Release|Any CPU
	EndGlobalSection
	GlobalSection(SolutionProperties) = preSolution
		HideSolutionNode = FALSE
	EndGlobalSection
	GlobalSection(NestedProjects) = preSolution
		{C8CD1733-783A-4655-814B-9CF7FD7FDFE8} = {22C083F3-1F8A-4E90-B79C-13A6012492BC}
		{68021991-A7F4-41E0-A9DE-D763744C55E9} = {22C083F3-1F8A-4E90-B79C-13A6012492BC}
	EndGlobalSection
EndGlobal
