
Microsoft Visual Studio Solution File, Format Version 12.00
# Visual Studio 14
VisualStudioVersion = 14.0.24720.0
MinimumVisualStudioVersion = 10.0.40219.1
Project("{FAE04EC0-301F-11D3-BF4B-00C04F79EFBC}") = "XamarinFormsOIDCSample.Client", "OIDCSample.Client\XamarinFormsOIDCSample.Client\XamarinFormsOIDCSample.Client.csproj", "{1B82199E-5A8F-475C-BBE8-38F1D814B0CB}"
EndProject
Project("{FAE04EC0-301F-11D3-BF4B-00C04F79EFBC}") = "XamarinFormsOIDCSample.Client.Droid", "OIDCSample.Client\XamarinFormsOIDCSample.Client.Droid\XamarinFormsOIDCSample.Client.Droid.csproj", "{F569F951-A298-45F6-9ABA-25BF92EC6A6C}"
EndProject
Project("{FAE04EC0-301F-11D3-BF4B-00C04F79EFBC}") = "XamarinFormsOIDCSample.Client.iOS", "OIDCSample.Client\XamarinFormsOIDCSample.Client.iOS\XamarinFormsOIDCSample.Client.iOS.csproj", "{7609D6B4-C834-475B-A687-05D3AB9E25F1}"
EndProject
Project("{FAE04EC0-301F-11D3-BF4B-00C04F79EFBC}") = "XamarinFormsOIDCSample.Client.WinPhone", "OIDCSample.Client\XamarinFormsOIDCSample.Client.WinPhone\XamarinFormsOIDCSample.Client.WinPhone.csproj", "{C49D9AA4-7D4C-4121-91DC-D813A8736A96}"
EndProject
Global
	GlobalSection(SolutionConfigurationPlatforms) = preSolution
		Ad-Hoc|Any CPU = Ad-Hoc|Any CPU
		Ad-Hoc|ARM = Ad-Hoc|ARM
		Ad-Hoc|iPhone = Ad-Hoc|iPhone
		Ad-Hoc|iPhoneSimulator = Ad-Hoc|iPhoneSimulator
		Ad-Hoc|x86 = Ad-Hoc|x86
		AppStore|Any CPU = AppStore|Any CPU
		AppStore|ARM = AppStore|ARM
		AppStore|iPhone = AppStore|iPhone
		AppStore|iPhoneSimulator = AppStore|iPhoneSimulator
		AppStore|x86 = AppStore|x86
		Debug|Any CPU = Debug|Any CPU
		Debug|ARM = Debug|ARM
		Debug|iPhone = Debug|iPhone
		Debug|iPhoneSimulator = Debug|iPhoneSimulator
		Debug|x86 = Debug|x86
		Release|Any CPU = Release|Any CPU
		Release|ARM = Release|ARM
		Release|iPhone = Release|iPhone
		Release|iPhoneSimulator = Release|iPhoneSimulator
		Release|x86 = Release|x86
	EndGlobalSection
	GlobalSection(ProjectConfigurationPlatforms) = postSolution
		{1B82199E-5A8F-475C-BBE8-38F1D814B0CB}.Ad-Hoc|Any CPU.ActiveCfg = Release|Any CPU
		{1B82199E-5A8F-475C-BBE8-38F1D814B0CB}.Ad-Hoc|Any CPU.Build.0 = Release|Any CPU
		{1B82199E-5A8F-475C-BBE8-38F1D814B0CB}.Ad-Hoc|ARM.ActiveCfg = Release|Any CPU
		{1B82199E-5A8F-475C-BBE8-38F1D814B0CB}.Ad-Hoc|ARM.Build.0 = Release|Any CPU
		{1B82199E-5A8F-475C-BBE8-38F1D814B0CB}.Ad-Hoc|iPhone.ActiveCfg = Release|Any CPU
		{1B82199E-5A8F-475C-BBE8-38F1D814B0CB}.Ad-Hoc|iPhone.Build.0 = Release|Any CPU
		{1B82199E-5A8F-475C-BBE8-38F1D814B0CB}.Ad-Hoc|iPhoneSimulator.ActiveCfg = Release|Any CPU
		{1B82199E-5A8F-475C-BBE8-38F1D814B0CB}.Ad-Hoc|iPhoneSimulator.Build.0 = Release|Any CPU
		{1B82199E-5A8F-475C-BBE8-38F1D814B0CB}.Ad-Hoc|x86.ActiveCfg = Release|Any CPU
		{1B82199E-5A8F-475C-BBE8-38F1D814B0CB}.Ad-Hoc|x86.Build.0 = Release|Any CPU
		{1B82199E-5A8F-475C-BBE8-38F1D814B0CB}.AppStore|Any CPU.ActiveCfg = Release|Any CPU
		{1B82199E-5A8F-475C-BBE8-38F1D814B0CB}.AppStore|Any CPU.Build.0 = Release|Any CPU
		{1B82199E-5A8F-475C-BBE8-38F1D814B0CB}.AppStore|ARM.ActiveCfg = Release|Any CPU
		{1B82199E-5A8F-475C-BBE8-38F1D814B0CB}.AppStore|ARM.Build.0 = Release|Any CPU
		{1B82199E-5A8F-475C-BBE8-38F1D814B0CB}.AppStore|iPhone.ActiveCfg = Release|Any CPU
		{1B82199E-5A8F-475C-BBE8-38F1D814B0CB}.AppStore|iPhone.Build.0 = Release|Any CPU
		{1B82199E-5A8F-475C-BBE8-38F1D814B0CB}.AppStore|iPhoneSimulator.ActiveCfg = Release|Any CPU
		{1B82199E-5A8F-475C-BBE8-38F1D814B0CB}.AppStore|iPhoneSimulator.Build.0 = Release|Any CPU
		{1B82199E-5A8F-475C-BBE8-38F1D814B0CB}.AppStore|x86.ActiveCfg = Release|Any CPU
		{1B82199E-5A8F-475C-BBE8-38F1D814B0CB}.AppStore|x86.Build.0 = Release|Any CPU
		{1B82199E-5A8F-475C-BBE8-38F1D814B0CB}.Debug|Any CPU.ActiveCfg = Debug|Any CPU
		{1B82199E-5A8F-475C-BBE8-38F1D814B0CB}.Debug|Any CPU.Build.0 = Debug|Any CPU
		{1B82199E-5A8F-475C-BBE8-38F1D814B0CB}.Debug|ARM.ActiveCfg = Debug|Any CPU
		{1B82199E-5A8F-475C-BBE8-38F1D814B0CB}.Debug|ARM.Build.0 = Debug|Any CPU
		{1B82199E-5A8F-475C-BBE8-38F1D814B0CB}.Debug|iPhone.ActiveCfg = Debug|Any CPU
		{1B82199E-5A8F-475C-BBE8-38F1D814B0CB}.Debug|iPhone.Build.0 = Debug|Any CPU
		{1B82199E-5A8F-475C-BBE8-38F1D814B0CB}.Debug|iPhoneSimulator.ActiveCfg = Debug|Any CPU
		{1B82199E-5A8F-475C-BBE8-38F1D814B0CB}.Debug|iPhoneSimulator.Build.0 = Debug|Any CPU
		{1B82199E-5A8F-475C-BBE8-38F1D814B0CB}.Debug|x86.ActiveCfg = Debug|Any CPU
		{1B82199E-5A8F-475C-BBE8-38F1D814B0CB}.Debug|x86.Build.0 = Debug|Any CPU
		{1B82199E-5A8F-475C-BBE8-38F1D814B0CB}.Release|Any CPU.ActiveCfg = Release|Any CPU
		{1B82199E-5A8F-475C-BBE8-38F1D814B0CB}.Release|Any CPU.Build.0 = Release|Any CPU
		{1B82199E-5A8F-475C-BBE8-38F1D814B0CB}.Release|ARM.ActiveCfg = Release|Any CPU
		{1B82199E-5A8F-475C-BBE8-38F1D814B0CB}.Release|ARM.Build.0 = Release|Any CPU
		{1B82199E-5A8F-475C-BBE8-38F1D814B0CB}.Release|iPhone.ActiveCfg = Release|Any CPU
		{1B82199E-5A8F-475C-BBE8-38F1D814B0CB}.Release|iPhone.Build.0 = Release|Any CPU
		{1B82199E-5A8F-475C-BBE8-38F1D814B0CB}.Release|iPhoneSimulator.ActiveCfg = Release|Any CPU
		{1B82199E-5A8F-475C-BBE8-38F1D814B0CB}.Release|iPhoneSimulator.Build.0 = Release|Any CPU
		{1B82199E-5A8F-475C-BBE8-38F1D814B0CB}.Release|x86.ActiveCfg = Release|Any CPU
		{1B82199E-5A8F-475C-BBE8-38F1D814B0CB}.Release|x86.Build.0 = Release|Any CPU
		{F569F951-A298-45F6-9ABA-25BF92EC6A6C}.Ad-Hoc|Any CPU.ActiveCfg = Release|Any CPU
		{F569F951-A298-45F6-9ABA-25BF92EC6A6C}.Ad-Hoc|Any CPU.Build.0 = Release|Any CPU
		{F569F951-A298-45F6-9ABA-25BF92EC6A6C}.Ad-Hoc|Any CPU.Deploy.0 = Release|Any CPU
		{F569F951-A298-45F6-9ABA-25BF92EC6A6C}.Ad-Hoc|ARM.ActiveCfg = Release|Any CPU
		{F569F951-A298-45F6-9ABA-25BF92EC6A6C}.Ad-Hoc|ARM.Build.0 = Release|Any CPU
		{F569F951-A298-45F6-9ABA-25BF92EC6A6C}.Ad-Hoc|ARM.Deploy.0 = Release|Any CPU
		{F569F951-A298-45F6-9ABA-25BF92EC6A6C}.Ad-Hoc|iPhone.ActiveCfg = Release|Any CPU
		{F569F951-A298-45F6-9ABA-25BF92EC6A6C}.Ad-Hoc|iPhone.Build.0 = Release|Any CPU
		{F569F951-A298-45F6-9ABA-25BF92EC6A6C}.Ad-Hoc|iPhone.Deploy.0 = Release|Any CPU
		{F569F951-A298-45F6-9ABA-25BF92EC6A6C}.Ad-Hoc|iPhoneSimulator.ActiveCfg = Release|Any CPU
		{F569F951-A298-45F6-9ABA-25BF92EC6A6C}.Ad-Hoc|iPhoneSimulator.Build.0 = Release|Any CPU
		{F569F951-A298-45F6-9ABA-25BF92EC6A6C}.Ad-Hoc|iPhoneSimulator.Deploy.0 = Release|Any CPU
		{F569F951-A298-45F6-9ABA-25BF92EC6A6C}.Ad-Hoc|x86.ActiveCfg = Release|Any CPU
		{F569F951-A298-45F6-9ABA-25BF92EC6A6C}.Ad-Hoc|x86.Build.0 = Release|Any CPU
		{F569F951-A298-45F6-9ABA-25BF92EC6A6C}.Ad-Hoc|x86.Deploy.0 = Release|Any CPU
		{F569F951-A298-45F6-9ABA-25BF92EC6A6C}.AppStore|Any CPU.ActiveCfg = Release|Any CPU
		{F569F951-A298-45F6-9ABA-25BF92EC6A6C}.AppStore|Any CPU.Build.0 = Release|Any CPU
		{F569F951-A298-45F6-9ABA-25BF92EC6A6C}.AppStore|Any CPU.Deploy.0 = Release|Any CPU
		{F569F951-A298-45F6-9ABA-25BF92EC6A6C}.AppStore|ARM.ActiveCfg = Release|Any CPU
		{F569F951-A298-45F6-9ABA-25BF92EC6A6C}.AppStore|ARM.Build.0 = Release|Any CPU
		{F569F951-A298-45F6-9ABA-25BF92EC6A6C}.AppStore|ARM.Deploy.0 = Release|Any CPU
		{F569F951-A298-45F6-9ABA-25BF92EC6A6C}.AppStore|iPhone.ActiveCfg = Release|Any CPU
		{F569F951-A298-45F6-9ABA-25BF92EC6A6C}.AppStore|iPhone.Build.0 = Release|Any CPU
		{F569F951-A298-45F6-9ABA-25BF92EC6A6C}.AppStore|iPhone.Deploy.0 = Release|Any CPU
		{F569F951-A298-45F6-9ABA-25BF92EC6A6C}.AppStore|iPhoneSimulator.ActiveCfg = Release|Any CPU
		{F569F951-A298-45F6-9ABA-25BF92EC6A6C}.AppStore|iPhoneSimulator.Build.0 = Release|Any CPU
		{F569F951-A298-45F6-9ABA-25BF92EC6A6C}.AppStore|iPhoneSimulator.Deploy.0 = Release|Any CPU
		{F569F951-A298-45F6-9ABA-25BF92EC6A6C}.AppStore|x86.ActiveCfg = Release|Any CPU
		{F569F951-A298-45F6-9ABA-25BF92EC6A6C}.AppStore|x86.Build.0 = Release|Any CPU
		{F569F951-A298-45F6-9ABA-25BF92EC6A6C}.AppStore|x86.Deploy.0 = Release|Any CPU
		{F569F951-A298-45F6-9ABA-25BF92EC6A6C}.Debug|Any CPU.ActiveCfg = Debug|Any CPU
		{F569F951-A298-45F6-9ABA-25BF92EC6A6C}.Debug|Any CPU.Build.0 = Debug|Any CPU
		{F569F951-A298-45F6-9ABA-25BF92EC6A6C}.Debug|Any CPU.Deploy.0 = Debug|Any CPU
		{F569F951-A298-45F6-9ABA-25BF92EC6A6C}.Debug|ARM.ActiveCfg = Debug|Any CPU
		{F569F951-A298-45F6-9ABA-25BF92EC6A6C}.Debug|ARM.Build.0 = Debug|Any CPU
		{F569F951-A298-45F6-9ABA-25BF92EC6A6C}.Debug|ARM.Deploy.0 = Debug|Any CPU
		{F569F951-A298-45F6-9ABA-25BF92EC6A6C}.Debug|iPhone.ActiveCfg = Debug|Any CPU
		{F569F951-A298-45F6-9ABA-25BF92EC6A6C}.Debug|iPhone.Build.0 = Debug|Any CPU
		{F569F951-A298-45F6-9ABA-25BF92EC6A6C}.Debug|iPhone.Deploy.0 = Debug|Any CPU
		{F569F951-A298-45F6-9ABA-25BF92EC6A6C}.Debug|iPhoneSimulator.ActiveCfg = Debug|Any CPU
		{F569F951-A298-45F6-9ABA-25BF92EC6A6C}.Debug|iPhoneSimulator.Build.0 = Debug|Any CPU
		{F569F951-A298-45F6-9ABA-25BF92EC6A6C}.Debug|iPhoneSimulator.Deploy.0 = Debug|Any CPU
		{F569F951-A298-45F6-9ABA-25BF92EC6A6C}.Debug|x86.ActiveCfg = Debug|Any CPU
		{F569F951-A298-45F6-9ABA-25BF92EC6A6C}.Debug|x86.Build.0 = Debug|Any CPU
		{F569F951-A298-45F6-9ABA-25BF92EC6A6C}.Debug|x86.Deploy.0 = Debug|Any CPU
		{F569F951-A298-45F6-9ABA-25BF92EC6A6C}.Release|Any CPU.ActiveCfg = Release|Any CPU
		{F569F951-A298-45F6-9ABA-25BF92EC6A6C}.Release|Any CPU.Build.0 = Release|Any CPU
		{F569F951-A298-45F6-9ABA-25BF92EC6A6C}.Release|Any CPU.Deploy.0 = Release|Any CPU
		{F569F951-A298-45F6-9ABA-25BF92EC6A6C}.Release|ARM.ActiveCfg = Release|Any CPU
		{F569F951-A298-45F6-9ABA-25BF92EC6A6C}.Release|ARM.Build.0 = Release|Any CPU
		{F569F951-A298-45F6-9ABA-25BF92EC6A6C}.Release|ARM.Deploy.0 = Release|Any CPU
		{F569F951-A298-45F6-9ABA-25BF92EC6A6C}.Release|iPhone.ActiveCfg = Release|Any CPU
		{F569F951-A298-45F6-9ABA-25BF92EC6A6C}.Release|iPhone.Build.0 = Release|Any CPU
		{F569F951-A298-45F6-9ABA-25BF92EC6A6C}.Release|iPhone.Deploy.0 = Release|Any CPU
		{F569F951-A298-45F6-9ABA-25BF92EC6A6C}.Release|iPhoneSimulator.ActiveCfg = Release|Any CPU
		{F569F951-A298-45F6-9ABA-25BF92EC6A6C}.Release|iPhoneSimulator.Build.0 = Release|Any CPU
		{F569F951-A298-45F6-9ABA-25BF92EC6A6C}.Release|iPhoneSimulator.Deploy.0 = Release|Any CPU
		{F569F951-A298-45F6-9ABA-25BF92EC6A6C}.Release|x86.ActiveCfg = Release|Any CPU
		{F569F951-A298-45F6-9ABA-25BF92EC6A6C}.Release|x86.Build.0 = Release|Any CPU
		{F569F951-A298-45F6-9ABA-25BF92EC6A6C}.Release|x86.Deploy.0 = Release|Any CPU
		{7609D6B4-C834-475B-A687-05D3AB9E25F1}.Ad-Hoc|Any CPU.ActiveCfg = Ad-Hoc|iPhone
		{7609D6B4-C834-475B-A687-05D3AB9E25F1}.Ad-Hoc|ARM.ActiveCfg = Ad-Hoc|iPhone
		{7609D6B4-C834-475B-A687-05D3AB9E25F1}.Ad-Hoc|iPhone.ActiveCfg = Ad-Hoc|iPhone
		{7609D6B4-C834-475B-A687-05D3AB9E25F1}.Ad-Hoc|iPhone.Build.0 = Ad-Hoc|iPhone
		{7609D6B4-C834-475B-A687-05D3AB9E25F1}.Ad-Hoc|iPhoneSimulator.ActiveCfg = Ad-Hoc|iPhoneSimulator
		{7609D6B4-C834-475B-A687-05D3AB9E25F1}.Ad-Hoc|iPhoneSimulator.Build.0 = Ad-Hoc|iPhoneSimulator
		{7609D6B4-C834-475B-A687-05D3AB9E25F1}.Ad-Hoc|x86.ActiveCfg = Ad-Hoc|iPhone
		{7609D6B4-C834-475B-A687-05D3AB9E25F1}.AppStore|Any CPU.ActiveCfg = AppStore|iPhone
		{7609D6B4-C834-475B-A687-05D3AB9E25F1}.AppStore|ARM.ActiveCfg = AppStore|iPhone
		{7609D6B4-C834-475B-A687-05D3AB9E25F1}.AppStore|iPhone.ActiveCfg = AppStore|iPhone
		{7609D6B4-C834-475B-A687-05D3AB9E25F1}.AppStore|iPhone.Build.0 = AppStore|iPhone
		{7609D6B4-C834-475B-A687-05D3AB9E25F1}.AppStore|iPhoneSimulator.ActiveCfg = AppStore|iPhoneSimulator
		{7609D6B4-C834-475B-A687-05D3AB9E25F1}.AppStore|iPhoneSimulator.Build.0 = AppStore|iPhoneSimulator
		{7609D6B4-C834-475B-A687-05D3AB9E25F1}.AppStore|x86.ActiveCfg = AppStore|iPhone
		{7609D6B4-C834-475B-A687-05D3AB9E25F1}.Debug|Any CPU.ActiveCfg = Debug|iPhone
		{7609D6B4-C834-475B-A687-05D3AB9E25F1}.Debug|ARM.ActiveCfg = Debug|iPhone
		{7609D6B4-C834-475B-A687-05D3AB9E25F1}.Debug|iPhone.ActiveCfg = Debug|iPhone
		{7609D6B4-C834-475B-A687-05D3AB9E25F1}.Debug|iPhone.Build.0 = Debug|iPhone
		{7609D6B4-C834-475B-A687-05D3AB9E25F1}.Debug|iPhoneSimulator.ActiveCfg = Debug|iPhoneSimulator
		{7609D6B4-C834-475B-A687-05D3AB9E25F1}.Debug|iPhoneSimulator.Build.0 = Debug|iPhoneSimulator
		{7609D6B4-C834-475B-A687-05D3AB9E25F1}.Debug|x86.ActiveCfg = Debug|iPhone
		{7609D6B4-C834-475B-A687-05D3AB9E25F1}.Release|Any CPU.ActiveCfg = Release|iPhone
		{7609D6B4-C834-475B-A687-05D3AB9E25F1}.Release|ARM.ActiveCfg = Release|iPhone
		{7609D6B4-C834-475B-A687-05D3AB9E25F1}.Release|iPhone.ActiveCfg = Release|iPhone
		{7609D6B4-C834-475B-A687-05D3AB9E25F1}.Release|iPhone.Build.0 = Release|iPhone
		{7609D6B4-C834-475B-A687-05D3AB9E25F1}.Release|iPhoneSimulator.ActiveCfg = Release|iPhoneSimulator
		{7609D6B4-C834-475B-A687-05D3AB9E25F1}.Release|iPhoneSimulator.Build.0 = Release|iPhoneSimulator
		{7609D6B4-C834-475B-A687-05D3AB9E25F1}.Release|x86.ActiveCfg = Release|iPhone
		{C49D9AA4-7D4C-4121-91DC-D813A8736A96}.Ad-Hoc|Any CPU.ActiveCfg = Release|Any CPU
		{C49D9AA4-7D4C-4121-91DC-D813A8736A96}.Ad-Hoc|Any CPU.Build.0 = Release|Any CPU
		{C49D9AA4-7D4C-4121-91DC-D813A8736A96}.Ad-Hoc|Any CPU.Deploy.0 = Release|Any CPU
		{C49D9AA4-7D4C-4121-91DC-D813A8736A96}.Ad-Hoc|ARM.ActiveCfg = Release|ARM
		{C49D9AA4-7D4C-4121-91DC-D813A8736A96}.Ad-Hoc|ARM.Build.0 = Release|ARM
		{C49D9AA4-7D4C-4121-91DC-D813A8736A96}.Ad-Hoc|ARM.Deploy.0 = Release|ARM
		{C49D9AA4-7D4C-4121-91DC-D813A8736A96}.Ad-Hoc|iPhone.ActiveCfg = Release|Any CPU
		{C49D9AA4-7D4C-4121-91DC-D813A8736A96}.Ad-Hoc|iPhone.Build.0 = Release|Any CPU
		{C49D9AA4-7D4C-4121-91DC-D813A8736A96}.Ad-Hoc|iPhone.Deploy.0 = Release|Any CPU
		{C49D9AA4-7D4C-4121-91DC-D813A8736A96}.Ad-Hoc|iPhoneSimulator.ActiveCfg = Release|Any CPU
		{C49D9AA4-7D4C-4121-91DC-D813A8736A96}.Ad-Hoc|iPhoneSimulator.Build.0 = Release|Any CPU
		{C49D9AA4-7D4C-4121-91DC-D813A8736A96}.Ad-Hoc|iPhoneSimulator.Deploy.0 = Release|Any CPU
		{C49D9AA4-7D4C-4121-91DC-D813A8736A96}.Ad-Hoc|x86.ActiveCfg = Release|x86
		{C49D9AA4-7D4C-4121-91DC-D813A8736A96}.Ad-Hoc|x86.Build.0 = Release|x86
		{C49D9AA4-7D4C-4121-91DC-D813A8736A96}.Ad-Hoc|x86.Deploy.0 = Release|x86
		{C49D9AA4-7D4C-4121-91DC-D813A8736A96}.AppStore|Any CPU.ActiveCfg = Release|Any CPU
		{C49D9AA4-7D4C-4121-91DC-D813A8736A96}.AppStore|Any CPU.Build.0 = Release|Any CPU
		{C49D9AA4-7D4C-4121-91DC-D813A8736A96}.AppStore|Any CPU.Deploy.0 = Release|Any CPU
		{C49D9AA4-7D4C-4121-91DC-D813A8736A96}.AppStore|ARM.ActiveCfg = Release|ARM
		{C49D9AA4-7D4C-4121-91DC-D813A8736A96}.AppStore|ARM.Build.0 = Release|ARM
		{C49D9AA4-7D4C-4121-91DC-D813A8736A96}.AppStore|ARM.Deploy.0 = Release|ARM
		{C49D9AA4-7D4C-4121-91DC-D813A8736A96}.AppStore|iPhone.ActiveCfg = Release|Any CPU
		{C49D9AA4-7D4C-4121-91DC-D813A8736A96}.AppStore|iPhone.Build.0 = Release|Any CPU
		{C49D9AA4-7D4C-4121-91DC-D813A8736A96}.AppStore|iPhone.Deploy.0 = Release|Any CPU
		{C49D9AA4-7D4C-4121-91DC-D813A8736A96}.AppStore|iPhoneSimulator.ActiveCfg = Release|Any CPU
		{C49D9AA4-7D4C-4121-91DC-D813A8736A96}.AppStore|iPhoneSimulator.Build.0 = Release|Any CPU
		{C49D9AA4-7D4C-4121-91DC-D813A8736A96}.AppStore|iPhoneSimulator.Deploy.0 = Release|Any CPU
		{C49D9AA4-7D4C-4121-91DC-D813A8736A96}.AppStore|x86.ActiveCfg = Release|x86
		{C49D9AA4-7D4C-4121-91DC-D813A8736A96}.AppStore|x86.Build.0 = Release|x86
		{C49D9AA4-7D4C-4121-91DC-D813A8736A96}.AppStore|x86.Deploy.0 = Release|x86
		{C49D9AA4-7D4C-4121-91DC-D813A8736A96}.Debug|Any CPU.ActiveCfg = Debug|Any CPU
		{C49D9AA4-7D4C-4121-91DC-D813A8736A96}.Debug|Any CPU.Build.0 = Debug|Any CPU
		{C49D9AA4-7D4C-4121-91DC-D813A8736A96}.Debug|Any CPU.Deploy.0 = Debug|Any CPU
		{C49D9AA4-7D4C-4121-91DC-D813A8736A96}.Debug|ARM.ActiveCfg = Debug|ARM
		{C49D9AA4-7D4C-4121-91DC-D813A8736A96}.Debug|ARM.Build.0 = Debug|ARM
		{C49D9AA4-7D4C-4121-91DC-D813A8736A96}.Debug|ARM.Deploy.0 = Debug|ARM
		{C49D9AA4-7D4C-4121-91DC-D813A8736A96}.Debug|iPhone.ActiveCfg = Debug|Any CPU
		{C49D9AA4-7D4C-4121-91DC-D813A8736A96}.Debug|iPhone.Build.0 = Debug|Any CPU
		{C49D9AA4-7D4C-4121-91DC-D813A8736A96}.Debug|iPhone.Deploy.0 = Debug|Any CPU
		{C49D9AA4-7D4C-4121-91DC-D813A8736A96}.Debug|iPhoneSimulator.ActiveCfg = Debug|Any CPU
		{C49D9AA4-7D4C-4121-91DC-D813A8736A96}.Debug|iPhoneSimulator.Build.0 = Debug|Any CPU
		{C49D9AA4-7D4C-4121-91DC-D813A8736A96}.Debug|iPhoneSimulator.Deploy.0 = Debug|Any CPU
		{C49D9AA4-7D4C-4121-91DC-D813A8736A96}.Debug|x86.ActiveCfg = Debug|x86
		{C49D9AA4-7D4C-4121-91DC-D813A8736A96}.Debug|x86.Build.0 = Debug|x86
		{C49D9AA4-7D4C-4121-91DC-D813A8736A96}.Debug|x86.Deploy.0 = Debug|x86
		{C49D9AA4-7D4C-4121-91DC-D813A8736A96}.Release|Any CPU.ActiveCfg = Release|Any CPU
		{C49D9AA4-7D4C-4121-91DC-D813A8736A96}.Release|Any CPU.Build.0 = Release|Any CPU
		{C49D9AA4-7D4C-4121-91DC-D813A8736A96}.Release|Any CPU.Deploy.0 = Release|Any CPU
		{C49D9AA4-7D4C-4121-91DC-D813A8736A96}.Release|ARM.ActiveCfg = Release|ARM
		{C49D9AA4-7D4C-4121-91DC-D813A8736A96}.Release|ARM.Build.0 = Release|ARM
		{C49D9AA4-7D4C-4121-91DC-D813A8736A96}.Release|ARM.Deploy.0 = Release|ARM
		{C49D9AA4-7D4C-4121-91DC-D813A8736A96}.Release|iPhone.ActiveCfg = Release|Any CPU
		{C49D9AA4-7D4C-4121-91DC-D813A8736A96}.Release|iPhone.Build.0 = Release|Any CPU
		{C49D9AA4-7D4C-4121-91DC-D813A8736A96}.Release|iPhone.Deploy.0 = Release|Any CPU
		{C49D9AA4-7D4C-4121-91DC-D813A8736A96}.Release|iPhoneSimulator.ActiveCfg = Release|Any CPU
		{C49D9AA4-7D4C-4121-91DC-D813A8736A96}.Release|iPhoneSimulator.Build.0 = Release|Any CPU
		{C49D9AA4-7D4C-4121-91DC-D813A8736A96}.Release|iPhoneSimulator.Deploy.0 = Release|Any CPU
		{C49D9AA4-7D4C-4121-91DC-D813A8736A96}.Release|x86.ActiveCfg = Release|x86
		{C49D9AA4-7D4C-4121-91DC-D813A8736A96}.Release|x86.Build.0 = Release|x86
		{C49D9AA4-7D4C-4121-91DC-D813A8736A96}.Release|x86.Deploy.0 = Release|x86
	EndGlobalSection
	GlobalSection(SolutionProperties) = preSolution
		HideSolutionNode = FALSE
	EndGlobalSection
EndGlobal
