
Microsoft Visual Studio Solution File, Format Version 12.00
# Visual Studio 14
VisualStudioVersion = 14.0.22823.1
MinimumVisualStudioVersion = 10.0.40219.1
Project("{2150E333-8FDC-42A3-9474-1A3956D46DE8}") = "src", "src", "{CABE4C93-EAE3-441F-9B99-A1A903788E5A}"
EndProject
Project("{2150E333-8FDC-42A3-9474-1A3956D46DE8}") = "Solution Items", "Solution Items", "{91B51FB7-8786-4FC4-BF78-C6DAECED7C94}"
	ProjectSection(SolutionItems) = preProject
		global.json = global.json
	EndProjectSection
EndProject
Project("{8BB2217D-0F2D-49D1-97BC-3654ED321F3B}") = "IdentityServer3", "src\IdentityServer3\IdentityServer3.xproj", "{3EDD76CE-CD38-42A9-8D99-7EDF76EABCA7}"
EndProject
Global
	GlobalSection(SolutionConfigurationPlatforms) = preSolution
		Debug|Any CPU = Debug|Any CPU
		Release|Any CPU = Release|Any CPU
	EndGlobalSection
	GlobalSection(ProjectConfigurationPlatforms) = postSolution
		{3EDD76CE-CD38-42A9-8D99-7EDF76EABCA7}.Debug|Any CPU.ActiveCfg = Debug|Any CPU
		{3EDD76CE-CD38-42A9-8D99-7EDF76EABCA7}.Debug|Any CPU.Build.0 = Debug|Any CPU
		{3EDD76CE-CD38-42A9-8D99-7EDF76EABCA7}.Release|Any CPU.ActiveCfg = Release|Any CPU
		{3EDD76CE-CD38-42A9-8D99-7EDF76EABCA7}.Release|Any CPU.Build.0 = Release|Any CPU
	EndGlobalSection
	GlobalSection(SolutionProperties) = preSolution
		HideSolutionNode = FALSE
	EndGlobalSection
	GlobalSection(NestedProjects) = preSolution
		{3EDD76CE-CD38-42A9-8D99-7EDF76EABCA7} = {CABE4C93-EAE3-441F-9B99-A1A903788E5A}
	EndGlobalSection
EndGlobal
