
Microsoft Visual Studio Solution File, Format Version 12.00
# Visual Studio 2013
VisualStudioVersion = 12.0.31101.0
MinimumVisualStudioVersion = 10.0.40219.1
Project("{FAE04EC0-301F-11D3-BF4B-00C04F79EFBC}") = "WebHost", "WebHost\WebHost.csproj", "{E9E49512-DE67-42F8-B5D0-0065BD953EF4}"
EndProject
Global
	GlobalSection(SolutionConfigurationPlatforms) = preSolution
		Debug|Any CPU = Debug|Any CPU
		Release|Any CPU = Release|Any CPU
	EndGlobalSection
	GlobalSection(ProjectConfigurationPlatforms) = postSolution
		{E9E49512-DE67-42F8-B5D0-0065BD953EF4}.Debug|Any CPU.ActiveCfg = Debug|Any CPU
		{E9E49512-DE67-42F8-B5D0-0065BD953EF4}.Debug|Any CPU.Build.0 = Debug|Any CPU
		{E9E49512-DE67-42F8-B5D0-0065BD953EF4}.Release|Any CPU.ActiveCfg = Release|Any CPU
		{E9E49512-DE67-42F8-B5D0-0065BD953EF4}.Release|Any CPU.Build.0 = Release|Any CPU
	EndGlobalSection
	GlobalSection(SolutionProperties) = preSolution
		HideSolutionNode = FALSE
	EndGlobalSection
EndGlobal
